// !$*UTF8*$!
{
	archiveVersion = 1;
	classes = {
	};
	objectVersion = 50;
	objects = {

/* Begin PBXBuildFile section */
		5495163B2491081A00A22815 /* AppDelegate.swift in Sources */ = {isa = PBXBuildFile; fileRef = 5495163A2491081A00A22815 /* AppDelegate.swift */; };
		5495163D2491081A00A22815 /* SceneDelegate.swift in Sources */ = {isa = PBXBuildFile; fileRef = 5495163C2491081A00A22815 /* SceneDelegate.swift */; };
		5495163F2491081A00A22815 /* ViewController.swift in Sources */ = {isa = PBXBuildFile; fileRef = 5495163E2491081A00A22815 /* ViewController.swift */; };
		549516422491081A00A22815 /* Main.storyboard in Resources */ = {isa = PBXBuildFile; fileRef = 549516402491081A00A22815 /* Main.storyboard */; };
		549516452491081A00A22815 /* Renard.xcdatamodeld in Sources */ = {isa = PBXBuildFile; fileRef = 549516432491081A00A22815 /* Renard.xcdatamodeld */; };
		549516472491081F00A22815 /* Assets.xcassets in Resources */ = {isa = PBXBuildFile; fileRef = 549516462491081F00A22815 /* Assets.xcassets */; };
		5495164A2491081F00A22815 /* LaunchScreen.storyboard in Resources */ = {isa = PBXBuildFile; fileRef = 549516482491081F00A22815 /* LaunchScreen.storyboard */; };
		5495165324910A2900A22815 /* Activity.swift in Sources */ = {isa = PBXBuildFile; fileRef = 5495165224910A2900A22815 /* Activity.swift */; };
		5495165824911F4800A22815 /* ActivityCell.swift in Sources */ = {isa = PBXBuildFile; fileRef = 5495165724911F4800A22815 /* ActivityCell.swift */; };
		5495165A2491261F00A22815 /* Logics.swift in Sources */ = {isa = PBXBuildFile; fileRef = 549516592491261F00A22815 /* Logics.swift */; };
/* End PBXBuildFile section */

/* Begin PBXFileReference section */
		549516372491081A00A22815 /* Renard.app */ = {isa = PBXFileReference; explicitFileType = wrapper.application; includeInIndex = 0; path = Renard.app; sourceTree = BUILT_PRODUCTS_DIR; };
		5495163A2491081A00A22815 /* AppDelegate.swift */ = {isa = PBXFileReference; lastKnownFileType = sourcecode.swift; path = AppDelegate.swift; sourceTree = "<group>"; };
		5495163C2491081A00A22815 /* SceneDelegate.swift */ = {isa = PBXFileReference; lastKnownFileType = sourcecode.swift; path = SceneDelegate.swift; sourceTree = "<group>"; };
		5495163E2491081A00A22815 /* ViewController.swift */ = {isa = PBXFileReference; lastKnownFileType = sourcecode.swift; path = ViewController.swift; sourceTree = "<group>"; };
		549516412491081A00A22815 /* Base */ = {isa = PBXFileReference; lastKnownFileType = file.storyboard; name = Base; path = Base.lproj/Main.storyboard; sourceTree = "<group>"; };
		549516442491081A00A22815 /* Renard.xcdatamodel */ = {isa = PBXFileReference; lastKnownFileType = wrapper.xcdatamodel; path = Renard.xcdatamodel; sourceTree = "<group>"; };
		549516462491081F00A22815 /* Assets.xcassets */ = {isa = PBXFileReference; lastKnownFileType = folder.assetcatalog; path = Assets.xcassets; sourceTree = "<group>"; };
		549516492491081F00A22815 /* Base */ = {isa = PBXFileReference; lastKnownFileType = file.storyboard; name = Base; path = Base.lproj/LaunchScreen.storyboard; sourceTree = "<group>"; };
		5495164B2491081F00A22815 /* Info.plist */ = {isa = PBXFileReference; lastKnownFileType = text.plist.xml; path = Info.plist; sourceTree = "<group>"; };
		54951651249108AF00A22815 /* Renard.entitlements */ = {isa = PBXFileReference; lastKnownFileType = text.plist.entitlements; path = Renard.entitlements; sourceTree = "<group>"; };
		5495165224910A2900A22815 /* Activity.swift */ = {isa = PBXFileReference; lastKnownFileType = sourcecode.swift; path = Activity.swift; sourceTree = "<group>"; };
		5495165724911F4800A22815 /* ActivityCell.swift */ = {isa = PBXFileReference; lastKnownFileType = sourcecode.swift; path = ActivityCell.swift; sourceTree = "<group>"; };
		549516592491261F00A22815 /* Logics.swift */ = {isa = PBXFileReference; fileEncoding = 4; lastKnownFileType = sourcecode.swift; name = Logics.swift; path = ../../GamifyMyTime/GamifyMyTime/Logics.swift; sourceTree = "<group>"; };
/* End PBXFileReference section */

/* Begin PBXFrameworksBuildPhase section */
		549516342491081A00A22815 /* Frameworks */ = {
			isa = PBXFrameworksBuildPhase;
			buildActionMask = 2147483647;
			files = (
			);
			runOnlyForDeploymentPostprocessing = 0;
		};
/* End PBXFrameworksBuildPhase section */

/* Begin PBXGroup section */
		5495162E2491081A00A22815 = {
			isa = PBXGroup;
			children = (
				549516392491081A00A22815 /* Renard */,
				549516382491081A00A22815 /* Products */,
			);
			sourceTree = "<group>";
		};
		549516382491081A00A22815 /* Products */ = {
			isa = PBXGroup;
			children = (
				549516372491081A00A22815 /* Renard.app */,
			);
			name = Products;
			sourceTree = "<group>";
		};
		549516392491081A00A22815 /* Renard */ = {
			isa = PBXGroup;
			children = (
				54951651249108AF00A22815 /* Renard.entitlements */,
				5495163A2491081A00A22815 /* AppDelegate.swift */,
				5495163C2491081A00A22815 /* SceneDelegate.swift */,
				5495163E2491081A00A22815 /* ViewController.swift */,
				549516402491081A00A22815 /* Main.storyboard */,
				5495165224910A2900A22815 /* Activity.swift */,
				549516462491081F00A22815 /* Assets.xcassets */,
				549516482491081F00A22815 /* LaunchScreen.storyboard */,
				5495164B2491081F00A22815 /* Info.plist */,
				549516432491081A00A22815 /* Renard.xcdatamodeld */,
				5495165724911F4800A22815 /* ActivityCell.swift */,
				549516592491261F00A22815 /* Logics.swift */,
			);
			path = Renard;
			sourceTree = "<group>";
		};
/* End PBXGroup section */

/* Begin PBXNativeTarget section */
		549516362491081A00A22815 /* Renard */ = {
			isa = PBXNativeTarget;
			buildConfigurationList = 5495164E2491081F00A22815 /* Build configuration list for PBXNativeTarget "Renard" */;
			buildPhases = (
				549516332491081A00A22815 /* Sources */,
				549516342491081A00A22815 /* Frameworks */,
				549516352491081A00A22815 /* Resources */,
			);
			buildRules = (
			);
			dependencies = (
			);
			name = Renard;
			productName = Renard;
			productReference = 549516372491081A00A22815 /* Renard.app */;
			productType = "com.apple.product-type.application";
		};
/* End PBXNativeTarget section */

/* Begin PBXProject section */
		5495162F2491081A00A22815 /* Project object */ = {
			isa = PBXProject;
			attributes = {
				LastSwiftUpdateCheck = 1150;
				LastUpgradeCheck = 1150;
				ORGANIZATIONNAME = "Cristian Rojas";
				TargetAttributes = {
					549516362491081A00A22815 = {
						CreatedOnToolsVersion = 11.5;
					};
				};
			};
			buildConfigurationList = 549516322491081A00A22815 /* Build configuration list for PBXProject "Renard" */;
			compatibilityVersion = "Xcode 9.3";
			developmentRegion = en;
			hasScannedForEncodings = 0;
			knownRegions = (
				en,
				Base,
			);
			mainGroup = 5495162E2491081A00A22815;
			productRefGroup = 549516382491081A00A22815 /* Products */;
			projectDirPath = "";
			projectRoot = "";
			targets = (
				549516362491081A00A22815 /* Renard */,
			);
		};
/* End PBXProject section */

/* Begin PBXResourcesBuildPhase section */
		549516352491081A00A22815 /* Resources */ = {
			isa = PBXResourcesBuildPhase;
			buildActionMask = 2147483647;
			files = (
				5495164A2491081F00A22815 /* LaunchScreen.storyboard in Resources */,
				549516472491081F00A22815 /* Assets.xcassets in Resources */,
				549516422491081A00A22815 /* Main.storyboard in Resources */,
			);
			runOnlyForDeploymentPostprocessing = 0;
		};
/* End PBXResourcesBuildPhase section */

/* Begin PBXSourcesBuildPhase section */
		549516332491081A00A22815 /* Sources */ = {
			isa = PBXSourcesBuildPhase;
			buildActionMask = 2147483647;
			files = (
				5495165A2491261F00A22815 /* Logics.swift in Sources */,
				5495165324910A2900A22815 /* Activity.swift in Sources */,
				5495163F2491081A00A22815 /* ViewController.swift in Sources */,
				5495163B2491081A00A22815 /* AppDelegate.swift in Sources */,
				5495165824911F4800A22815 /* ActivityCell.swift in Sources */,
				5495163D2491081A00A22815 /* SceneDelegate.swift in Sources */,
				549516452491081A00A22815 /* Renard.xcdatamodeld in Sources */,
			);
			runOnlyForDeploymentPostprocessing = 0;
		};
/* End PBXSourcesBuildPhase section */

/* Begin PBXVariantGroup section */
		549516402491081A00A22815 /* Main.storyboard */ = {
			isa = PBXVariantGroup;
			children = (
				549516412491081A00A22815 /* Base */,
			);
			name = Main.storyboard;
			sourceTree = "<group>";
		};
		549516482491081F00A22815 /* LaunchScreen.storyboard */ = {
			isa = PBXVariantGroup;
			children = (
				549516492491081F00A22815 /* Base */,
			);
			name = LaunchScreen.storyboard;
			sourceTree = "<group>";
		};
/* End PBXVariantGroup section */

/* Begin XCBuildConfiguration section */
		5495164C2491081F00A22815 /* Debug */ = {
			isa = XCBuildConfiguration;
			buildSettings = {
				ALWAYS_SEARCH_USER_PATHS = NO;
				CLANG_ANALYZER_NONNULL = YES;
				CLANG_ANALYZER_NUMBER_OBJECT_CONVERSION = YES_AGGRESSIVE;
				CLANG_CXX_LANGUAGE_STANDARD = "gnu++14";
				CLANG_CXX_LIBRARY = "libc++";
				CLANG_ENABLE_MODULES = YES;
				CLANG_ENABLE_OBJC_ARC = YES;
				CLANG_ENABLE_OBJC_WEAK = YES;
				CLANG_WARN_BLOCK_CAPTURE_AUTORELEASING = YES;
				CLANG_WARN_BOOL_CONVERSION = YES;
				CLANG_WARN_COMMA = YES;
				CLANG_WARN_CONSTANT_CONVERSION = YES;
				CLANG_WARN_DEPRECATED_OBJC_IMPLEMENTATIONS = YES;
				CLANG_WARN_DIRECT_OBJC_ISA_USAGE = YES_ERROR;
				CLANG_WARN_DOCUMENTATION_COMMENTS = YES;
				CLANG_WARN_EMPTY_BODY = YES;
				CLANG_WARN_ENUM_CONVERSION = YES;
				CLANG_WARN_INFINITE_RECURSION = YES;
				CLANG_WARN_INT_CONVERSION = YES;
				CLANG_WARN_NON_LITERAL_NULL_CONVERSION = YES;
				CLANG_WARN_OBJC_IMPLICIT_RETAIN_SELF = YES;
				CLANG_WARN_OBJC_LITERAL_CONVERSION = YES;
				CLANG_WARN_OBJC_ROOT_CLASS = YES_ERROR;
				CLANG_WARN_RANGE_LOOP_ANALYSIS = YES;
				CLANG_WARN_STRICT_PROTOTYPES = YES;
				CLANG_WARN_SUSPICIOUS_MOVE = YES;
				CLANG_WARN_UNGUARDED_AVAILABILITY = YES_AGGRESSIVE;
				CLANG_WARN_UNREACHABLE_CODE = YES;
				CLANG_WARN__DUPLICATE_METHOD_MATCH = YES;
				COPY_PHASE_STRIP = NO;
				DEBUG_INFORMATION_FORMAT = dwarf;
				ENABLE_STRICT_OBJC_MSGSEND = YES;
				ENABLE_TESTABILITY = YES;
				GCC_C_LANGUAGE_STANDARD = gnu11;
				GCC_DYNAMIC_NO_PIC = NO;
				GCC_NO_COMMON_BLOCKS = YES;
				GCC_OPTIMIZATION_LEVEL = 0;
				GCC_PREPROCESSOR_DEFINITIONS = (
					"DEBUG=1",
					"$(inherited)",
				);
				GCC_WARN_64_TO_32_BIT_CONVERSION = YES;
				GCC_WARN_ABOUT_RETURN_TYPE = YES_ERROR;
				GCC_WARN_UNDECLARED_SELECTOR = YES;
				GCC_WARN_UNINITIALIZED_AUTOS = YES_AGGRESSIVE;
				GCC_WARN_UNUSED_FUNCTION = YES;
				GCC_WARN_UNUSED_VARIABLE = YES;
				IPHONEOS_DEPLOYMENT_TARGET = 13.5;
				MTL_ENABLE_DEBUG_INFO = INCLUDE_SOURCE;
				MTL_FAST_MATH = YES;
				ONLY_ACTIVE_ARCH = YES;
				SDKROOT = iphoneos;
				SWIFT_ACTIVE_COMPILATION_CONDITIONS = DEBUG;
				SWIFT_OPTIMIZATION_LEVEL = "-Onone";
			};
			name = Debug;
		};
		5495164D2491081F00A22815 /* Release */ = {
			isa = XCBuildConfiguration;
			buildSettings = {
				ALWAYS_SEARCH_USER_PATHS = NO;
				CLANG_ANALYZER_NONNULL = YES;
				CLANG_ANALYZER_NUMBER_OBJECT_CONVERSION = YES_AGGRESSIVE;
				CLANG_CXX_LANGUAGE_STANDARD = "gnu++14";
				CLANG_CXX_LIBRARY = "libc++";
				CLANG_ENABLE_MODULES = YES;
				CLANG_ENABLE_OBJC_ARC = YES;
				CLANG_ENABLE_OBJC_WEAK = YES;
				CLANG_WARN_BLOCK_CAPTURE_AUTORELEASING = YES;
				CLANG_WARN_BOOL_CONVERSION = YES;
				CLANG_WARN_COMMA = YES;
				CLANG_WARN_CONSTANT_CONVERSION = YES;
				CLANG_WARN_DEPRECATED_OBJC_IMPLEMENTATIONS = YES;
				CLANG_WARN_DIRECT_OBJC_ISA_USAGE = YES_ERROR;
				CLANG_WARN_DOCUMENTATION_COMMENTS = YES;
				CLANG_WARN_EMPTY_BODY = YES;
				CLANG_WARN_ENUM_CONVERSION = YES;
				CLANG_WARN_INFINITE_RECURSION = YES;
				CLANG_WARN_INT_CONVERSION = YES;
				CLANG_WARN_NON_LITERAL_NULL_CONVERSION = YES;
				CLANG_WARN_OBJC_IMPLICIT_RETAIN_SELF = YES;
				CLANG_WARN_OBJC_LITERAL_CONVERSION = YES;
				CLANG_WARN_OBJC_ROOT_CLASS = YES_ERROR;
				CLANG_WARN_RANGE_LOOP_ANALYSIS = YES;
				CLANG_WARN_STRICT_PROTOTYPES = YES;
				CLANG_WARN_SUSPICIOUS_MOVE = YES;
				CLANG_WARN_UNGUARDED_AVAILABILITY = YES_AGGRESSIVE;
				CLANG_WARN_UNREACHABLE_CODE = YES;
				CLANG_WARN__DUPLICATE_METHOD_MATCH = YES;
				COPY_PHASE_STRIP = NO;
				DEBUG_INFORMATION_FORMAT = "dwarf-with-dsym";
				ENABLE_NS_ASSERTIONS = NO;
				ENABLE_STRICT_OBJC_MSGSEND = YES;
				GCC_C_LANGUAGE_STANDARD = gnu11;
				GCC_NO_COMMON_BLOCKS = YES;
				GCC_WARN_64_TO_32_BIT_CONVERSION = YES;
				GCC_WARN_ABOUT_RETURN_TYPE = YES_ERROR;
				GCC_WARN_UNDECLARED_SELECTOR = YES;
				GCC_WARN_UNINITIALIZED_AUTOS = YES_AGGRESSIVE;
				GCC_WARN_UNUSED_FUNCTION = YES;
				GCC_WARN_UNUSED_VARIABLE = YES;
				IPHONEOS_DEPLOYMENT_TARGET = 13.5;
				MTL_ENABLE_DEBUG_INFO = NO;
				MTL_FAST_MATH = YES;
				SDKROOT = iphoneos;
				SWIFT_COMPILATION_MODE = wholemodule;
				SWIFT_OPTIMIZATION_LEVEL = "-O";
				VALIDATE_PRODUCT = YES;
			};
			name = Release;
		};
		5495164F2491081F00A22815 /* Debug */ = {
			isa = XCBuildConfiguration;
			buildSettings = {
				ASSETCATALOG_COMPILER_APPICON_NAME = AppIcon;
				CODE_SIGN_ENTITLEMENTS = Renard/Renard.entitlements;
				CODE_SIGN_STYLE = Automatic;
				DEVELOPMENT_TEAM = V73WZ9Y4HH;
				INFOPLIST_FILE = Renard/Info.plist;
				IPHONEOS_DEPLOYMENT_TARGET = 13.5;
				LD_RUNPATH_SEARCH_PATHS = (
					"$(inherited)",
					"@executable_path/Frameworks",
				);
				MARKETING_VERSION = 0.0.1;
				PRODUCT_BUNDLE_IDENTIFIER = com.crisrojas.Renard;
				PRODUCT_NAME = "$(TARGET_NAME)";
				SUPPORTS_MACCATALYST = YES;
				SWIFT_VERSION = 5.0;
				TARGETED_DEVICE_FAMILY = "1,2";
			};
			name = Debug;
		};
		549516502491081F00A22815 /* Release */ = {
			isa = XCBuildConfiguration;
			buildSettings = {
				ASSETCATALOG_COMPILER_APPICON_NAME = AppIcon;
				CODE_SIGN_ENTITLEMENTS = Renard/Renard.entitlements;
				CODE_SIGN_STYLE = Automatic;
				DEVELOPMENT_TEAM = V73WZ9Y4HH;
				INFOPLIST_FILE = Renard/Info.plist;
				IPHONEOS_DEPLOYMENT_TARGET = 13.5;
				LD_RUNPATH_SEARCH_PATHS = (
					"$(inherited)",
					"@executable_path/Frameworks",
				);
				MARKETING_VERSION = 0.0.1;
				PRODUCT_BUNDLE_IDENTIFIER = com.crisrojas.Renard;
				PRODUCT_NAME = "$(TARGET_NAME)";
				SUPPORTS_MACCATALYST = YES;
				SWIFT_VERSION = 5.0;
				TARGETED_DEVICE_FAMILY = "1,2";
			};
			name = Release;
		};
/* End XCBuildConfiguration section */

/* Begin XCConfigurationList section */
		549516322491081A00A22815 /* Build configuration list for PBXProject "Renard" */ = {
			isa = XCConfigurationList;
			buildConfigurations = (
				5495164C2491081F00A22815 /* Debug */,
				5495164D2491081F00A22815 /* Release */,
			);
			defaultConfigurationIsVisible = 0;
			defaultConfigurationName = Release;
		};
		5495164E2491081F00A22815 /* Build configuration list for PBXNativeTarget "Renard" */ = {
			isa = XCConfigurationList;
			buildConfigurations = (
				5495164F2491081F00A22815 /* Debug */,
				549516502491081F00A22815 /* Release */,
			);
			defaultConfigurationIsVisible = 0;
			defaultConfigurationName = Release;
		};
/* End XCConfigurationList section */

/* Begin XCVersionGroup section */
		549516432491081A00A22815 /* Renard.xcdatamodeld */ = {
			isa = XCVersionGroup;
			children = (
				549516442491081A00A22815 /* Renard.xcdatamodel */,
			);
			currentVersion = 549516442491081A00A22815 /* Renard.xcdatamodel */;
			path = Renard.xcdatamodeld;
			sourceTree = "<group>";
			versionGroupType = wrapper.xcdatamodel;
		};
/* End XCVersionGroup section */
	};
	rootObject = 5495162F2491081A00A22815 /* Project object */;
}
